
Microsoft Visual Studio Solution File, Format Version 12.00
# Visual Studio 14
VisualStudioVersion = 14.0.25420.1
MinimumVisualStudioVersion = 10.0.40219.1
Project("{2150E333-8FDC-42A3-9474-1A3956D46DE8}") = "Plugins", "Plugins", "{68AFE417-E02E-472E-850B-8DC8C3FC3C37}"
EndProject
Project("{FAE04EC0-301F-11D3-BF4B-00C04F79EFBC}") = "SamplePluginLibrary", "Plugins\SamplePluginLibrary\SamplePluginLibrary.csproj", "{59514EC6-4B9B-45F6-B64B-B5685BF69A32}"
EndProject
Project("{2150E333-8FDC-42A3-9474-1A3956D46DE8}") = "Web", "Web", "{B0AED570-6699-4CAA-8FFA-5736094BF38F}"
EndProject
Project("{FAE04EC0-301F-11D3-BF4B-00C04F79EFBC}") = "Dynamics.Crm.Validation", "Plugins\Dynamics.Crm.Validation\Dynamics.Crm.Validation.csproj", "{C66D7D35-4327-4A22-B125-D99615315CBF}"
EndProject
Project("{FAE04EC0-301F-11D3-BF4B-00C04F79EFBC}") = "Dynamics.Crm.Web", "Web\Dynamics.Crm.Web\Dynamics.Crm.Web.csproj", "{EBE01D25-C445-42E0-85E0-73BCCEEC3FC2}"
EndProject
Project("{2150E333-8FDC-42A3-9474-1A3956D46DE8}") = "Tests", "Tests", "{6EF24300-1F5B-4620-9629-D3AC36D89139}"
EndProject
Project("{FAE04EC0-301F-11D3-BF4B-00C04F79EFBC}") = "Dynamics.Crm.Extensions.UnitTests", "Tests\Dynamics.Crm.Extensions.UnitTests\Dynamics.Crm.Extensions.UnitTests.csproj", "{8AC7FFFA-7C98-4BAB-860D-65960DD8DDDA}"
EndProject
Project("{FAE04EC0-301F-11D3-BF4B-00C04F79EFBC}") = "Dynamics.Crm.Security", "Plugins\Dynamics.Crm.Security\Dynamics.Crm.Security.csproj", "{B1A0B05A-88A8-4BC3-8849-49AEA8F571C9}"
EndProject
Project("{2150E333-8FDC-42A3-9474-1A3956D46DE8}") = "Nuget", "Nuget", "{81A679CE-C3D9-4E8C-A1B5-7B518814995A}"
	ProjectSection(SolutionItems) = preProject
		Nuget\Dynamics.Crm.Extensions.nuspec = Nuget\Dynamics.Crm.Extensions.nuspec
		Nuget\Dynamics.Crm.Web.nuspec = Nuget\Dynamics.Crm.Web.nuspec
		Nuget\Microsoft.VisualStudio.TestTools.UnitTesting.Extensions.nuspec = Nuget\Microsoft.VisualStudio.TestTools.UnitTesting.Extensions.nuspec
		Nuget\nuget.exe = Nuget\nuget.exe
		Nuget\System.Extensions.nuspec = Nuget\System.Extensions.nuspec
	EndProjectSection
EndProject
Project("{FAE04EC0-301F-11D3-BF4B-00C04F79EFBC}") = "Dynamics.Crm.Diagnostics", "Plugins\Dynamics.Crm.Diagnostics\Dynamics.Crm.Diagnostics.csproj", "{89EBDA3C-B9EB-455A-85B9-5BD830E10794}"
EndProject
Project("{D954291E-2A0B-460D-934E-DC6B0785DB48}") = "Dynamics.Crm.Extensions.Shared", "Plugins\Dynamics.Crm.Extensions.Shared\Dynamics.Crm.Extensions.Shared.shproj", "{614D943A-4CE3-483D-8718-30186C3D18C4}"
EndProject
Project("{FAE04EC0-301F-11D3-BF4B-00C04F79EFBC}") = "Dynamics.Crm.Extensions", "Plugins\Dynamics.Crm.Extensions\Dynamics.Crm.Extensions.csproj", "{B8F74789-D7E3-4DDB-BE1A-13A8C44DB72F}"
EndProject
Project("{FAE04EC0-301F-11D3-BF4B-00C04F79EFBC}") = "Microsoft.VisualStudio.TestTools.UnitTesting.Extensions", "Tests\Microsoft.VisualStudio.TestTools.UnitTesting.Extensions\Microsoft.VisualStudio.TestTools.UnitTesting.Extensions.csproj", "{E68FD44D-8CF1-4A56-B5BD-95B62D8CF081}"
EndProject
Project("{2150E333-8FDC-42A3-9474-1A3956D46DE8}") = "Documents", "Documents", "{09642364-709D-42D4-B972-24E407101D36}"
	ProjectSection(SolutionItems) = preProject
		..\README.md = ..\README.md
	EndProjectSection
EndProject
Project("{2150E333-8FDC-42A3-9474-1A3956D46DE8}") = "Common", "Common", "{D7FB8C78-5DE3-49EA-8A2C-D3095C5C2D73}"
EndProject
Project("{D954291E-2A0B-460D-934E-DC6B0785DB48}") = "System.Extensions.Shared", "Common\System.Extensions.Shared\System.Extensions.Shared.shproj", "{5D8EAE7F-B989-4D5E-96D8-BB36A4A57206}"
EndProject
Project("{FAE04EC0-301F-11D3-BF4B-00C04F79EFBC}") = "System.Extensions", "Common\System.Extensions\System.Extensions.csproj", "{41880AC2-1B01-42AF-84D4-CDCB0C28AAE4}"
EndProject
Project("{FAE04EC0-301F-11D3-BF4B-00C04F79EFBC}") = "System.Extensions.UnitTests", "Tests\System.Extensions.UnitTests\System.Extensions.UnitTests.csproj", "{C134EB5E-A080-430F-99D3-2F6974142517}"
EndProject
Global
	GlobalSection(SharedMSBuildProjectFiles) = preSolution
		Common\System.Extensions.Shared\System.Extensions.Shared.projitems*{41880ac2-1b01-42af-84d4-cdcb0c28aae4}*SharedItemsImports = 4
		Common\System.Extensions.Shared\System.Extensions.Shared.projitems*{59514ec6-4b9b-45f6-b64b-b5685bf69a32}*SharedItemsImports = 4
		Plugins\Dynamics.Crm.Extensions.Shared\Dynamics.Crm.Extensions.projitems*{59514ec6-4b9b-45f6-b64b-b5685bf69a32}*SharedItemsImports = 4
		Common\System.Extensions.Shared\System.Extensions.Shared.projitems*{5d8eae7f-b989-4d5e-96d8-bb36a4a57206}*SharedItemsImports = 13
		Plugins\Dynamics.Crm.Extensions.Shared\Dynamics.Crm.Extensions.projitems*{614d943a-4ce3-483d-8718-30186c3d18c4}*SharedItemsImports = 13
		Common\System.Extensions.Shared\System.Extensions.Shared.projitems*{89ebda3c-b9eb-455a-85b9-5bd830e10794}*SharedItemsImports = 4
		Plugins\Dynamics.Crm.Extensions.Shared\Dynamics.Crm.Extensions.projitems*{89ebda3c-b9eb-455a-85b9-5bd830e10794}*SharedItemsImports = 4
		Common\System.Extensions.Shared\System.Extensions.Shared.projitems*{b1a0b05a-88a8-4bc3-8849-49aea8f571c9}*SharedItemsImports = 4
		Plugins\Dynamics.Crm.Extensions.Shared\Dynamics.Crm.Extensions.projitems*{b1a0b05a-88a8-4bc3-8849-49aea8f571c9}*SharedItemsImports = 4
		Common\System.Extensions.Shared\System.Extensions.Shared.projitems*{b8f74789-d7e3-4ddb-be1a-13a8c44db72f}*SharedItemsImports = 4
		Plugins\Dynamics.Crm.Extensions.Shared\Dynamics.Crm.Extensions.projitems*{b8f74789-d7e3-4ddb-be1a-13a8c44db72f}*SharedItemsImports = 4
		Common\System.Extensions.Shared\System.Extensions.Shared.projitems*{c66d7d35-4327-4a22-b125-d99615315cbf}*SharedItemsImports = 4
		Plugins\Dynamics.Crm.Extensions.Shared\Dynamics.Crm.Extensions.projitems*{c66d7d35-4327-4a22-b125-d99615315cbf}*SharedItemsImports = 4
	EndGlobalSection
	GlobalSection(SolutionConfigurationPlatforms) = preSolution
		Debug|Any CPU = Debug|Any CPU
		Release|Any CPU = Release|Any CPU
	EndGlobalSection
	GlobalSection(ProjectConfigurationPlatforms) = postSolution
		{59514EC6-4B9B-45F6-B64B-B5685BF69A32}.Debug|Any CPU.ActiveCfg = Debug|Any CPU
		{59514EC6-4B9B-45F6-B64B-B5685BF69A32}.Debug|Any CPU.Build.0 = Debug|Any CPU
		{59514EC6-4B9B-45F6-B64B-B5685BF69A32}.Release|Any CPU.ActiveCfg = Release|Any CPU
		{59514EC6-4B9B-45F6-B64B-B5685BF69A32}.Release|Any CPU.Build.0 = Release|Any CPU
		{C66D7D35-4327-4A22-B125-D99615315CBF}.Debug|Any CPU.ActiveCfg = Debug|Any CPU
		{C66D7D35-4327-4A22-B125-D99615315CBF}.Debug|Any CPU.Build.0 = Debug|Any CPU
		{C66D7D35-4327-4A22-B125-D99615315CBF}.Release|Any CPU.ActiveCfg = Release|Any CPU
		{C66D7D35-4327-4A22-B125-D99615315CBF}.Release|Any CPU.Build.0 = Release|Any CPU
		{EBE01D25-C445-42E0-85E0-73BCCEEC3FC2}.Debug|Any CPU.ActiveCfg = Debug|Any CPU
		{EBE01D25-C445-42E0-85E0-73BCCEEC3FC2}.Debug|Any CPU.Build.0 = Debug|Any CPU
		{EBE01D25-C445-42E0-85E0-73BCCEEC3FC2}.Release|Any CPU.ActiveCfg = Release|Any CPU
		{EBE01D25-C445-42E0-85E0-73BCCEEC3FC2}.Release|Any CPU.Build.0 = Release|Any CPU
		{8AC7FFFA-7C98-4BAB-860D-65960DD8DDDA}.Debug|Any CPU.ActiveCfg = Debug|Any CPU
		{8AC7FFFA-7C98-4BAB-860D-65960DD8DDDA}.Debug|Any CPU.Build.0 = Debug|Any CPU
		{8AC7FFFA-7C98-4BAB-860D-65960DD8DDDA}.Release|Any CPU.ActiveCfg = Release|Any CPU
		{8AC7FFFA-7C98-4BAB-860D-65960DD8DDDA}.Release|Any CPU.Build.0 = Release|Any CPU
		{B1A0B05A-88A8-4BC3-8849-49AEA8F571C9}.Debug|Any CPU.ActiveCfg = Debug|Any CPU
		{B1A0B05A-88A8-4BC3-8849-49AEA8F571C9}.Debug|Any CPU.Build.0 = Debug|Any CPU
		{B1A0B05A-88A8-4BC3-8849-49AEA8F571C9}.Release|Any CPU.ActiveCfg = Release|Any CPU
		{B1A0B05A-88A8-4BC3-8849-49AEA8F571C9}.Release|Any CPU.Build.0 = Release|Any CPU
		{89EBDA3C-B9EB-455A-85B9-5BD830E10794}.Debug|Any CPU.ActiveCfg = Debug|Any CPU
		{89EBDA3C-B9EB-455A-85B9-5BD830E10794}.Debug|Any CPU.Build.0 = Debug|Any CPU
		{89EBDA3C-B9EB-455A-85B9-5BD830E10794}.Release|Any CPU.ActiveCfg = Release|Any CPU
		{89EBDA3C-B9EB-455A-85B9-5BD830E10794}.Release|Any CPU.Build.0 = Release|Any CPU
		{B8F74789-D7E3-4DDB-BE1A-13A8C44DB72F}.Debug|Any CPU.ActiveCfg = Debug|Any CPU
		{B8F74789-D7E3-4DDB-BE1A-13A8C44DB72F}.Debug|Any CPU.Build.0 = Debug|Any CPU
		{B8F74789-D7E3-4DDB-BE1A-13A8C44DB72F}.Release|Any CPU.ActiveCfg = Release|Any CPU
		{B8F74789-D7E3-4DDB-BE1A-13A8C44DB72F}.Release|Any CPU.Build.0 = Release|Any CPU
		{E68FD44D-8CF1-4A56-B5BD-95B62D8CF081}.Debug|Any CPU.ActiveCfg = Debug|Any CPU
		{E68FD44D-8CF1-4A56-B5BD-95B62D8CF081}.Debug|Any CPU.Build.0 = Debug|Any CPU
		{E68FD44D-8CF1-4A56-B5BD-95B62D8CF081}.Release|Any CPU.ActiveCfg = Release|Any CPU
		{E68FD44D-8CF1-4A56-B5BD-95B62D8CF081}.Release|Any CPU.Build.0 = Release|Any CPU
		{41880AC2-1B01-42AF-84D4-CDCB0C28AAE4}.Debug|Any CPU.ActiveCfg = Debug|Any CPU
		{41880AC2-1B01-42AF-84D4-CDCB0C28AAE4}.Debug|Any CPU.Build.0 = Debug|Any CPU
		{41880AC2-1B01-42AF-84D4-CDCB0C28AAE4}.Release|Any CPU.ActiveCfg = Release|Any CPU
		{41880AC2-1B01-42AF-84D4-CDCB0C28AAE4}.Release|Any CPU.Build.0 = Release|Any CPU
		{C134EB5E-A080-430F-99D3-2F6974142517}.Debug|Any CPU.ActiveCfg = Debug|Any CPU
		{C134EB5E-A080-430F-99D3-2F6974142517}.Debug|Any CPU.Build.0 = Debug|Any CPU
		{C134EB5E-A080-430F-99D3-2F6974142517}.Release|Any CPU.ActiveCfg = Release|Any CPU
		{C134EB5E-A080-430F-99D3-2F6974142517}.Release|Any CPU.Build.0 = Release|Any CPU
	EndGlobalSection
	GlobalSection(SolutionProperties) = preSolution
		HideSolutionNode = FALSE
	EndGlobalSection
	GlobalSection(NestedProjects) = preSolution
		{59514EC6-4B9B-45F6-B64B-B5685BF69A32} = {68AFE417-E02E-472E-850B-8DC8C3FC3C37}
		{C66D7D35-4327-4A22-B125-D99615315CBF} = {68AFE417-E02E-472E-850B-8DC8C3FC3C37}
		{EBE01D25-C445-42E0-85E0-73BCCEEC3FC2} = {B0AED570-6699-4CAA-8FFA-5736094BF38F}
		{8AC7FFFA-7C98-4BAB-860D-65960DD8DDDA} = {6EF24300-1F5B-4620-9629-D3AC36D89139}
		{B1A0B05A-88A8-4BC3-8849-49AEA8F571C9} = {68AFE417-E02E-472E-850B-8DC8C3FC3C37}
		{89EBDA3C-B9EB-455A-85B9-5BD830E10794} = {68AFE417-E02E-472E-850B-8DC8C3FC3C37}
		{614D943A-4CE3-483D-8718-30186C3D18C4} = {68AFE417-E02E-472E-850B-8DC8C3FC3C37}
		{B8F74789-D7E3-4DDB-BE1A-13A8C44DB72F} = {68AFE417-E02E-472E-850B-8DC8C3FC3C37}
		{E68FD44D-8CF1-4A56-B5BD-95B62D8CF081} = {6EF24300-1F5B-4620-9629-D3AC36D89139}
		{5D8EAE7F-B989-4D5E-96D8-BB36A4A57206} = {D7FB8C78-5DE3-49EA-8A2C-D3095C5C2D73}
		{41880AC2-1B01-42AF-84D4-CDCB0C28AAE4} = {D7FB8C78-5DE3-49EA-8A2C-D3095C5C2D73}
		{C134EB5E-A080-430F-99D3-2F6974142517} = {6EF24300-1F5B-4620-9629-D3AC36D89139}
	EndGlobalSection
EndGlobal
